// !$*UTF8*$!
{
	archiveVersion = 1;
	classes = {
	};
	objectVersion = 48;
	objects = {

/* Begin PBXBuildFile section */
		F400005F2594FC46004C7715 /* TouchpadHelpers.swift in Sources */ = {isa = PBXBuildFile; fileRef = F400005D2594FC46004C7715 /* TouchpadHelpers.swift */; };
		F436FD6424DA4FBB00397F75 /* GlassControllerApp.swift in Sources */ = {isa = PBXBuildFile; fileRef = F436FD6324DA4FBB00397F75 /* GlassControllerApp.swift */; };
		F436FD6624DA4FBB00397F75 /* ContentView.swift in Sources */ = {isa = PBXBuildFile; fileRef = F436FD6524DA4FBB00397F75 /* ContentView.swift */; };
		F436FD6824DA4FBD00397F75 /* Assets.xcassets in Resources */ = {isa = PBXBuildFile; fileRef = F436FD6724DA4FBD00397F75 /* Assets.xcassets */; };
		F436FD6B24DA4FBD00397F75 /* Preview Assets.xcassets in Resources */ = {isa = PBXBuildFile; fileRef = F436FD6A24DA4FBD00397F75 /* Preview Assets.xcassets */; };
		F489F847272792DA004FC738 /* GlassDelegate.swift in Sources */ = {isa = PBXBuildFile; fileRef = 9C522ED8200C777B00E201B5 /* GlassDelegate.swift */; };
		F489F848272792DB004FC738 /* MultitouchSupport.h in Sources */ = {isa = PBXBuildFile; fileRef = 9C46F5982009B81800F9E926 /* MultitouchSupport.h */; };
		F489F849272792DB004FC738 /* GlassView.swift in Sources */ = {isa = PBXBuildFile; fileRef = 9C522ED6200C771900E201B5 /* GlassView.swift */; };
		F489F84A272792DB004FC738 /* GlassPreferences.swift in Sources */ = {isa = PBXBuildFile; fileRef = 9C6A663A2036AB1B008B3321 /* GlassPreferences.swift */; };
		F489F84B272792DB004FC738 /* Action.swift in Sources */ = {isa = PBXBuildFile; fileRef = 9CA8B75B210E2326004AA89E /* Action.swift */; };
		F489F84C272792DB004FC738 /* Activator.swift in Sources */ = {isa = PBXBuildFile; fileRef = 9CA8B759210E22DD004AA89E /* Activator.swift */; };
		F489F84D272792DB004FC738 /* Region.swift in Sources */ = {isa = PBXBuildFile; fileRef = 9C33D8C7202F0D33006968DE /* Region.swift */; };
		F489F84E272792DB004FC738 /* Gesture.swift in Sources */ = {isa = PBXBuildFile; fileRef = 9CA8B755210D5EB2004AA89E /* Gesture.swift */; };
		F489F84F272792DB004FC738 /* Result.swift in Sources */ = {isa = PBXBuildFile; fileRef = 9CA8B76021114918004AA89E /* Result.swift */; };
		F489F850272792DB004FC738 /* KeyBinding.swift in Sources */ = {isa = PBXBuildFile; fileRef = 9CA8B757210D77D7004AA89E /* KeyBinding.swift */; };
		F489F851272792DB004FC738 /* LaunchApp.swift in Sources */ = {isa = PBXBuildFile; fileRef = 9CA8B76621116470004AA89E /* LaunchApp.swift */; };
		F489F852272792DB004FC738 /* MouseClick.swift in Sources */ = {isa = PBXBuildFile; fileRef = 9CCFD0EC222B2C4200FFC729 /* MouseClick.swift */; };
		F489F853272792DB004FC738 /* Context.swift in Sources */ = {isa = PBXBuildFile; fileRef = 9CA8B7692111709B004AA89E /* Context.swift */; };
		F489F854272792DB004FC738 /* glass-Bridging-Header.h in Sources */ = {isa = PBXBuildFile; fileRef = 9C522ED5200C771900E201B5 /* glass-Bridging-Header.h */; };
		F489F8552727A8F2004FC738 /* MultitouchSupport.framework in Frameworks */ = {isa = PBXBuildFile; fileRef = 9CF17B3C200C53CB00B65DC5 /* MultitouchSupport.framework */; };
		F489F8562727A96D004FC738 /* IOKit.framework in Frameworks */ = {isa = PBXBuildFile; fileRef = 9C34F9A4200EEC9300EA3EA7 /* IOKit.framework */; };
		F489F8572727A973004FC738 /* ApplicationServices.framework in Frameworks */ = {isa = PBXBuildFile; fileRef = 9C345B4C200B157E00B54969 /* ApplicationServices.framework */; };
		F489F8582727AA79004FC738 /* Utils.m in Sources */ = {isa = PBXBuildFile; fileRef = 9CA8B75D210E25D2004AA89E /* Utils.m */; };
		F493045C24DAAD97005BE41A /* ActionRowView.swift in Sources */ = {isa = PBXBuildFile; fileRef = F493045B24DAAD97005BE41A /* ActionRowView.swift */; };
/* End PBXBuildFile section */

/* Begin PBXFileReference section */
		9C33D8C7202F0D33006968DE /* Region.swift */ = {isa = PBXFileReference; lastKnownFileType = sourcecode.swift; path = Region.swift; sourceTree = "<group>"; };
		9C345B4C200B157E00B54969 /* ApplicationServices.framework */ = {isa = PBXFileReference; lastKnownFileType = wrapper.framework; name = ApplicationServices.framework; path = System/Library/Frameworks/ApplicationServices.framework; sourceTree = SDKROOT; };
		9C345B4E200B26F100B54969 /* GlassCon.xcodeproj */ = {isa = PBXFileReference; lastKnownFileType = "wrapper.pb-project"; path = GlassCon.xcodeproj; sourceTree = "<group>"; };
		9C345B51200B26FE00B54969 /* xcuserdata */ = {isa = PBXFileReference; lastKnownFileType = folder; name = xcuserdata; path = GlassCon.xcodeproj/xcuserdata; sourceTree = "<group>"; };
		9C345B53200B273A00B54969 /* SDL2 */ = {isa = PBXFileReference; lastKnownFileType = folder; name = SDL2; path = ../../../../../../../usr/local/include/SDL2; sourceTree = "<group>"; };
		9C345B57200B2A3E00B54969 /* libSDL2.a */ = {isa = PBXFileReference; lastKnownFileType = archive.ar; name = libSDL2.a; path = ../../../../../../../usr/local/Cellar/sdl2/2.0.7/lib/libSDL2.a; sourceTree = "<group>"; };
		9C345B5A200B2AC100B54969 /* libSDL2main.a */ = {isa = PBXFileReference; lastKnownFileType = archive.ar; name = libSDL2main.a; path = ../../../../../../../usr/local/Cellar/sdl2/2.0.7/lib/libSDL2main.a; sourceTree = "<group>"; };
		9C34F9A4200EEC9300EA3EA7 /* IOKit.framework */ = {isa = PBXFileReference; lastKnownFileType = wrapper.framework; name = IOKit.framework; path = System/Library/Frameworks/IOKit.framework; sourceTree = SDKROOT; };
		9C46F5982009B81800F9E926 /* MultitouchSupport.h */ = {isa = PBXFileReference; lastKnownFileType = sourcecode.c.h; path = MultitouchSupport.h; sourceTree = "<group>"; };
		9C46F59D2009BCEF00F9E926 /* CoreGraphics.framework */ = {isa = PBXFileReference; lastKnownFileType = wrapper.framework; name = CoreGraphics.framework; path = System/Library/Frameworks/CoreGraphics.framework; sourceTree = SDKROOT; };
		9C522ED5200C771900E201B5 /* glass-Bridging-Header.h */ = {isa = PBXFileReference; lastKnownFileType = sourcecode.c.h; path = "glass-Bridging-Header.h"; sourceTree = "<group>"; };
		9C522ED6200C771900E201B5 /* GlassView.swift */ = {isa = PBXFileReference; lastKnownFileType = sourcecode.swift; path = GlassView.swift; sourceTree = "<group>"; };
		9C522ED8200C777B00E201B5 /* GlassDelegate.swift */ = {isa = PBXFileReference; lastKnownFileType = sourcecode.swift; path = GlassDelegate.swift; sourceTree = "<group>"; };
		9C6A663A2036AB1B008B3321 /* GlassPreferences.swift */ = {isa = PBXFileReference; lastKnownFileType = sourcecode.swift; path = GlassPreferences.swift; sourceTree = "<group>"; };
		9C6A66562036E69C008B3321 /* ApplicationServices.framework */ = {isa = PBXFileReference; lastKnownFileType = wrapper.framework; name = ApplicationServices.framework; path = Platforms/MacOSX.platform/Developer/SDKs/MacOSX.sdk/System/Library/Frameworks/ApplicationServices.framework; sourceTree = DEVELOPER_DIR; };
		9CA8B755210D5EB2004AA89E /* Gesture.swift */ = {isa = PBXFileReference; lastKnownFileType = sourcecode.swift; path = Gesture.swift; sourceTree = "<group>"; };
		9CA8B757210D77D7004AA89E /* KeyBinding.swift */ = {isa = PBXFileReference; lastKnownFileType = sourcecode.swift; path = KeyBinding.swift; sourceTree = "<group>"; };
		9CA8B759210E22DD004AA89E /* Activator.swift */ = {isa = PBXFileReference; lastKnownFileType = sourcecode.swift; path = Activator.swift; sourceTree = "<group>"; };
		9CA8B75B210E2326004AA89E /* Action.swift */ = {isa = PBXFileReference; lastKnownFileType = sourcecode.swift; path = Action.swift; sourceTree = "<group>"; };
		9CA8B75D210E25D2004AA89E /* Utils.m */ = {isa = PBXFileReference; lastKnownFileType = sourcecode.c.objc; path = Utils.m; sourceTree = "<group>"; };
		9CA8B76021114918004AA89E /* Result.swift */ = {isa = PBXFileReference; lastKnownFileType = sourcecode.swift; path = Result.swift; sourceTree = "<group>"; };
		9CA8B76621116470004AA89E /* LaunchApp.swift */ = {isa = PBXFileReference; lastKnownFileType = sourcecode.swift; path = LaunchApp.swift; sourceTree = "<group>"; };
		9CA8B7692111709B004AA89E /* Context.swift */ = {isa = PBXFileReference; lastKnownFileType = sourcecode.swift; path = Context.swift; sourceTree = "<group>"; };
		9CCFD0EC222B2C4200FFC729 /* MouseClick.swift */ = {isa = PBXFileReference; lastKnownFileType = sourcecode.swift; path = MouseClick.swift; sourceTree = "<group>"; };
		9CF17B3C200C53CB00B65DC5 /* MultitouchSupport.framework */ = {isa = PBXFileReference; lastKnownFileType = wrapper.framework; name = MultitouchSupport.framework; path = ../../../../../../../System/Library/PrivateFrameworks/MultitouchSupport.framework; sourceTree = "<group>"; };
		F400005D2594FC46004C7715 /* TouchpadHelpers.swift */ = {isa = PBXFileReference; lastKnownFileType = sourcecode.swift; path = TouchpadHelpers.swift; sourceTree = "<group>"; };
		F436FD6124DA4FBB00397F75 /* GlassController.app */ = {isa = PBXFileReference; explicitFileType = wrapper.application; includeInIndex = 0; path = GlassController.app; sourceTree = BUILT_PRODUCTS_DIR; };
		F436FD6324DA4FBB00397F75 /* GlassControllerApp.swift */ = {isa = PBXFileReference; lastKnownFileType = sourcecode.swift; path = GlassControllerApp.swift; sourceTree = "<group>"; };
		F436FD6524DA4FBB00397F75 /* ContentView.swift */ = {isa = PBXFileReference; lastKnownFileType = sourcecode.swift; path = ContentView.swift; sourceTree = "<group>"; };
		F436FD6724DA4FBD00397F75 /* Assets.xcassets */ = {isa = PBXFileReference; lastKnownFileType = folder.assetcatalog; path = Assets.xcassets; sourceTree = "<group>"; };
		F436FD6A24DA4FBD00397F75 /* Preview Assets.xcassets */ = {isa = PBXFileReference; lastKnownFileType = folder.assetcatalog; path = "Preview Assets.xcassets"; sourceTree = "<group>"; };
		F436FD6C24DA4FBD00397F75 /* Info.plist */ = {isa = PBXFileReference; lastKnownFileType = text.plist.xml; path = Info.plist; sourceTree = "<group>"; };
		F436FD6D24DA4FBD00397F75 /* GlassController.entitlements */ = {isa = PBXFileReference; lastKnownFileType = text.plist.entitlements; path = GlassController.entitlements; sourceTree = "<group>"; };
		F493045B24DAAD97005BE41A /* ActionRowView.swift */ = {isa = PBXFileReference; lastKnownFileType = sourcecode.swift; path = ActionRowView.swift; sourceTree = "<group>"; };
/* End PBXFileReference section */

/* Begin PBXFrameworksBuildPhase section */
		F436FD5E24DA4FBB00397F75 /* Frameworks */ = {
			isa = PBXFrameworksBuildPhase;
			buildActionMask = 2147483647;
			files = (
				F489F8572727A973004FC738 /* ApplicationServices.framework in Frameworks */,
				F489F8562727A96D004FC738 /* IOKit.framework in Frameworks */,
				F489F8552727A8F2004FC738 /* MultitouchSupport.framework in Frameworks */,
			);
			runOnlyForDeploymentPostprocessing = 0;
		};
/* End PBXFrameworksBuildPhase section */

/* Begin PBXGroup section */
		9C345B4F200B26F100B54969 /* Products */ = {
			isa = PBXGroup;
			name = Products;
			sourceTree = "<group>";
		};
		9C46F5852009B7C000F9E926 = {
			isa = PBXGroup;
			children = (
				9C522ECA200C6D8900E201B5 /* glass */,
				F436FD6224DA4FBB00397F75 /* GlassController */,
				9C46F5912009B7E900F9E926 /* Products */,
				9C46F59C2009BCEE00F9E926 /* Frameworks */,
			);
			sourceTree = "<group>";
		};
		9C46F5912009B7E900F9E926 /* Products */ = {
			isa = PBXGroup;
			children = (
				F436FD6124DA4FBB00397F75 /* GlassController.app */,
			);
			name = Products;
			sourceTree = "<group>";
		};
		9C46F59C2009BCEE00F9E926 /* Frameworks */ = {
			isa = PBXGroup;
			children = (
				9C6A66562036E69C008B3321 /* ApplicationServices.framework */,
				9C34F9A4200EEC9300EA3EA7 /* IOKit.framework */,
				9CF17B3C200C53CB00B65DC5 /* MultitouchSupport.framework */,
				9C345B5A200B2AC100B54969 /* libSDL2main.a */,
				9C345B57200B2A3E00B54969 /* libSDL2.a */,
				9C345B53200B273A00B54969 /* SDL2 */,
				9C345B51200B26FE00B54969 /* xcuserdata */,
				9C345B4E200B26F100B54969 /* GlassCon.xcodeproj */,
				9C345B4C200B157E00B54969 /* ApplicationServices.framework */,
				9C46F59D2009BCEF00F9E926 /* CoreGraphics.framework */,
			);
			name = Frameworks;
			sourceTree = "<group>";
		};
		9C522ECA200C6D8900E201B5 /* glass */ = {
			isa = PBXGroup;
			children = (
				9C46F5982009B81800F9E926 /* MultitouchSupport.h */,
				9C522ED6200C771900E201B5 /* GlassView.swift */,
				9C6A663A2036AB1B008B3321 /* GlassPreferences.swift */,
				9CA8B75B210E2326004AA89E /* Action.swift */,
				9CA8B765211163C9004AA89E /* Activators */,
				9CA8B764211163AD004AA89E /* Results */,
				9CA8B7682111708E004AA89E /* Contexts */,
				9CA8B75D210E25D2004AA89E /* Utils.m */,
				9C522ED5200C771900E201B5 /* glass-Bridging-Header.h */,
				F400005D2594FC46004C7715 /* TouchpadHelpers.swift */,
			);
			path = glass;
			sourceTree = "<group>";
		};
		9CA8B764211163AD004AA89E /* Results */ = {
			isa = PBXGroup;
			children = (
				9CA8B76021114918004AA89E /* Result.swift */,
				9CA8B757210D77D7004AA89E /* KeyBinding.swift */,
				9CA8B76621116470004AA89E /* LaunchApp.swift */,
				9CCFD0EC222B2C4200FFC729 /* MouseClick.swift */,
			);
			path = Results;
			sourceTree = "<group>";
		};
		9CA8B765211163C9004AA89E /* Activators */ = {
			isa = PBXGroup;
			children = (
				9CA8B759210E22DD004AA89E /* Activator.swift */,
				9C33D8C7202F0D33006968DE /* Region.swift */,
				9CA8B755210D5EB2004AA89E /* Gesture.swift */,
			);
			path = Activators;
			sourceTree = "<group>";
		};
		9CA8B7682111708E004AA89E /* Contexts */ = {
			isa = PBXGroup;
			children = (
				9CA8B7692111709B004AA89E /* Context.swift */,
			);
			path = Contexts;
			sourceTree = "<group>";
		};
		F436FD6224DA4FBB00397F75 /* GlassController */ = {
			isa = PBXGroup;
			children = (
				F436FD6324DA4FBB00397F75 /* GlassControllerApp.swift */,
				F436FD6524DA4FBB00397F75 /* ContentView.swift */,
				F493045B24DAAD97005BE41A /* ActionRowView.swift */,
				9C522ED8200C777B00E201B5 /* GlassDelegate.swift */,
				F436FD6C24DA4FBD00397F75 /* Info.plist */,
				F436FD6724DA4FBD00397F75 /* Assets.xcassets */,
				F436FD6D24DA4FBD00397F75 /* GlassController.entitlements */,
				F436FD6924DA4FBD00397F75 /* Preview Content */,
			);
			path = GlassController;
			sourceTree = "<group>";
		};
		F436FD6924DA4FBD00397F75 /* Preview Content */ = {
			isa = PBXGroup;
			children = (
				F436FD6A24DA4FBD00397F75 /* Preview Assets.xcassets */,
			);
			path = "Preview Content";
			sourceTree = "<group>";
		};
/* End PBXGroup section */

/* Begin PBXNativeTarget section */
		F436FD6024DA4FBB00397F75 /* GlassController */ = {
			isa = PBXNativeTarget;
			buildConfigurationList = F436FD7024DA4FBD00397F75 /* Build configuration list for PBXNativeTarget "GlassController" */;
			buildPhases = (
				F436FD5D24DA4FBB00397F75 /* Sources */,
				F436FD5E24DA4FBB00397F75 /* Frameworks */,
				F436FD5F24DA4FBB00397F75 /* Resources */,
			);
			buildRules = (
			);
			dependencies = (
			);
			name = GlassController;
			productName = GlassController;
			productReference = F436FD6124DA4FBB00397F75 /* GlassController.app */;
			productType = "com.apple.product-type.application";
		};
/* End PBXNativeTarget section */

/* Begin PBXProject section */
		9C46F5862009B7C000F9E926 /* Project object */ = {
			isa = PBXProject;
			attributes = {
				LastSwiftUpdateCheck = 1200;
				LastUpgradeCheck = 0920;
				TargetAttributes = {
					F436FD6024DA4FBB00397F75 = {
						CreatedOnToolsVersion = 12.0;
						ProvisioningStyle = Automatic;
					};
				};
			};
			buildConfigurationList = 9C46F5892009B7C000F9E926 /* Build configuration list for PBXProject "GlassCon" */;
			compatibilityVersion = "Xcode 8.0";
			developmentRegion = en;
			hasScannedForEncodings = 0;
			knownRegions = (
				en,
				Base,
			);
			mainGroup = 9C46F5852009B7C000F9E926;
			productRefGroup = 9C46F5912009B7E900F9E926 /* Products */;
			projectDirPath = "";
			projectReferences = (
				{
					ProductGroup = 9C345B4F200B26F100B54969 /* Products */;
					ProjectRef = 9C345B4E200B26F100B54969 /* GlassCon.xcodeproj */;
				},
			);
			projectRoot = "";
			targets = (
				F436FD6024DA4FBB00397F75 /* GlassController */,
			);
		};
/* End PBXProject section */

/* Begin PBXResourcesBuildPhase section */
		F436FD5F24DA4FBB00397F75 /* Resources */ = {
			isa = PBXResourcesBuildPhase;
			buildActionMask = 2147483647;
			files = (
				F436FD6B24DA4FBD00397F75 /* Preview Assets.xcassets in Resources */,
				F436FD6824DA4FBD00397F75 /* Assets.xcassets in Resources */,
			);
			runOnlyForDeploymentPostprocessing = 0;
		};
/* End PBXResourcesBuildPhase section */

/* Begin PBXSourcesBuildPhase section */
		F436FD5D24DA4FBB00397F75 /* Sources */ = {
			isa = PBXSourcesBuildPhase;
			buildActionMask = 2147483647;
			files = (
				F489F8582727AA79004FC738 /* Utils.m in Sources */,
				F489F847272792DA004FC738 /* GlassDelegate.swift in Sources */,
				F489F848272792DB004FC738 /* MultitouchSupport.h in Sources */,
				F489F849272792DB004FC738 /* GlassView.swift in Sources */,
				F489F84A272792DB004FC738 /* GlassPreferences.swift in Sources */,
				F489F84B272792DB004FC738 /* Action.swift in Sources */,
				F489F84C272792DB004FC738 /* Activator.swift in Sources */,
				F489F84D272792DB004FC738 /* Region.swift in Sources */,
				F489F84E272792DB004FC738 /* Gesture.swift in Sources */,
				F489F84F272792DB004FC738 /* Result.swift in Sources */,
				F489F850272792DB004FC738 /* KeyBinding.swift in Sources */,
				F489F851272792DB004FC738 /* LaunchApp.swift in Sources */,
				F489F852272792DB004FC738 /* MouseClick.swift in Sources */,
				F489F853272792DB004FC738 /* Context.swift in Sources */,
				F489F854272792DB004FC738 /* glass-Bridging-Header.h in Sources */,
				F436FD6624DA4FBB00397F75 /* ContentView.swift in Sources */,
				F493045C24DAAD97005BE41A /* ActionRowView.swift in Sources */,
				F436FD6424DA4FBB00397F75 /* GlassControllerApp.swift in Sources */,
				F400005F2594FC46004C7715 /* TouchpadHelpers.swift in Sources */,
			);
			runOnlyForDeploymentPostprocessing = 0;
		};
/* End PBXSourcesBuildPhase section */

/* Begin XCBuildConfiguration section */
		9C46F58A2009B7C000F9E926 /* Debug */ = {
			isa = XCBuildConfiguration;
			buildSettings = {
				MACOSX_DEPLOYMENT_TARGET = 11.0;
				SWIFT_VERSION = 5.0;
			};
			name = Debug;
		};
		9C46F58B2009B7C000F9E926 /* Release */ = {
			isa = XCBuildConfiguration;
			buildSettings = {
				MACOSX_DEPLOYMENT_TARGET = 11.0;
				SWIFT_VERSION = 5.0;
			};
			name = Release;
		};
		F436FD6E24DA4FBD00397F75 /* Debug */ = {
			isa = XCBuildConfiguration;
			buildSettings = {
				ALWAYS_SEARCH_USER_PATHS = NO;
				ASSETCATALOG_COMPILER_APPICON_NAME = AppIcon;
				ASSETCATALOG_COMPILER_GLOBAL_ACCENT_COLOR_NAME = AccentColor;
				CLANG_ANALYZER_NONNULL = YES;
				CLANG_ANALYZER_NUMBER_OBJECT_CONVERSION = YES_AGGRESSIVE;
				CLANG_CXX_LANGUAGE_STANDARD = "gnu++14";
				CLANG_CXX_LIBRARY = "libc++";
				CLANG_ENABLE_MODULES = YES;
				CLANG_ENABLE_OBJC_ARC = YES;
				CLANG_ENABLE_OBJC_WEAK = YES;
				CLANG_WARN_BLOCK_CAPTURE_AUTORELEASING = YES;
				CLANG_WARN_BOOL_CONVERSION = YES;
				CLANG_WARN_COMMA = YES;
				CLANG_WARN_CONSTANT_CONVERSION = YES;
				CLANG_WARN_DEPRECATED_OBJC_IMPLEMENTATIONS = YES;
				CLANG_WARN_DIRECT_OBJC_ISA_USAGE = YES_ERROR;
				CLANG_WARN_DOCUMENTATION_COMMENTS = YES;
				CLANG_WARN_EMPTY_BODY = YES;
				CLANG_WARN_ENUM_CONVERSION = YES;
				CLANG_WARN_INFINITE_RECURSION = YES;
				CLANG_WARN_INT_CONVERSION = YES;
				CLANG_WARN_NON_LITERAL_NULL_CONVERSION = YES;
				CLANG_WARN_OBJC_IMPLICIT_RETAIN_SELF = YES;
				CLANG_WARN_OBJC_LITERAL_CONVERSION = YES;
				CLANG_WARN_OBJC_ROOT_CLASS = YES_ERROR;
				CLANG_WARN_QUOTED_INCLUDE_IN_FRAMEWORK_HEADER = YES;
				CLANG_WARN_RANGE_LOOP_ANALYSIS = YES;
				CLANG_WARN_STRICT_PROTOTYPES = YES;
				CLANG_WARN_SUSPICIOUS_MOVE = YES;
				CLANG_WARN_UNGUARDED_AVAILABILITY = YES_AGGRESSIVE;
				CLANG_WARN_UNREACHABLE_CODE = YES;
				CLANG_WARN__DUPLICATE_METHOD_MATCH = YES;
				CODE_SIGN_ENTITLEMENTS = GlassController/GlassController.entitlements;
				CODE_SIGN_STYLE = Automatic;
				COMBINE_HIDPI_IMAGES = YES;
				COPY_PHASE_STRIP = NO;
				DEBUG_INFORMATION_FORMAT = dwarf;
				DEVELOPMENT_ASSET_PATHS = "\"GlassController/Preview Content\"";
				DEVELOPMENT_TEAM = 9UDT7LSCEF;
				ENABLE_HARDENED_RUNTIME = YES;
				ENABLE_PREVIEWS = YES;
				ENABLE_STRICT_OBJC_MSGSEND = YES;
				ENABLE_TESTABILITY = YES;
				GCC_C_LANGUAGE_STANDARD = gnu11;
				GCC_DYNAMIC_NO_PIC = NO;
				GCC_NO_COMMON_BLOCKS = YES;
				GCC_OPTIMIZATION_LEVEL = 0;
				GCC_PREPROCESSOR_DEFINITIONS = (
					"DEBUG=1",
					"$(inherited)",
				);
				GCC_WARN_64_TO_32_BIT_CONVERSION = YES;
				GCC_WARN_ABOUT_RETURN_TYPE = YES_ERROR;
				GCC_WARN_UNDECLARED_SELECTOR = YES;
				GCC_WARN_UNINITIALIZED_AUTOS = YES_AGGRESSIVE;
				GCC_WARN_UNUSED_FUNCTION = YES;
				GCC_WARN_UNUSED_VARIABLE = YES;
				INFOPLIST_FILE = GlassController/Info.plist;
				LD_RUNPATH_SEARCH_PATHS = "$(inherited) @executable_path/../Frameworks";
				MACOSX_DEPLOYMENT_TARGET = 11.0;
				MTL_ENABLE_DEBUG_INFO = INCLUDE_SOURCE;
				MTL_FAST_MATH = YES;
				ONLY_ACTIVE_ARCH = YES;
				PRODUCT_BUNDLE_IDENTIFIER = llc.newt.apps.glass;
				PRODUCT_NAME = "$(TARGET_NAME)";
				SDKROOT = macosx;
				SWIFT_ACTIVE_COMPILATION_CONDITIONS = DEBUG;
				SWIFT_OBJC_BRIDGING_HEADER = "glass/glass-Bridging-Header.h";
				SWIFT_OPTIMIZATION_LEVEL = "-Onone";
				SWIFT_VERSION = 5.0;
				SYSTEM_FRAMEWORK_SEARCH_PATHS = "$(inherited) $(SYSTEM_LIBRARY_DIR)/PrivateFrameworks";
			};
			name = Debug;
		};
		F436FD6F24DA4FBD00397F75 /* Release */ = {
			isa = XCBuildConfiguration;
			buildSettings = {
				ALWAYS_SEARCH_USER_PATHS = NO;
				ASSETCATALOG_COMPILER_APPICON_NAME = AppIcon;
				ASSETCATALOG_COMPILER_GLOBAL_ACCENT_COLOR_NAME = AccentColor;
				CLANG_ANALYZER_NONNULL = YES;
				CLANG_ANALYZER_NUMBER_OBJECT_CONVERSION = YES_AGGRESSIVE;
				CLANG_CXX_LANGUAGE_STANDARD = "gnu++14";
				CLANG_CXX_LIBRARY = "libc++";
				CLANG_ENABLE_MODULES = YES;
				CLANG_ENABLE_OBJC_ARC = YES;
				CLANG_ENABLE_OBJC_WEAK = YES;
				CLANG_WARN_BLOCK_CAPTURE_AUTORELEASING = YES;
				CLANG_WARN_BOOL_CONVERSION = YES;
				CLANG_WARN_COMMA = YES;
				CLANG_WARN_CONSTANT_CONVERSION = YES;
				CLANG_WARN_DEPRECATED_OBJC_IMPLEMENTATIONS = YES;
				CLANG_WARN_DIRECT_OBJC_ISA_USAGE = YES_ERROR;
				CLANG_WARN_DOCUMENTATION_COMMENTS = YES;
				CLANG_WARN_EMPTY_BODY = YES;
				CLANG_WARN_ENUM_CONVERSION = YES;
				CLANG_WARN_INFINITE_RECURSION = YES;
				CLANG_WARN_INT_CONVERSION = YES;
				CLANG_WARN_NON_LITERAL_NULL_CONVERSION = YES;
				CLANG_WARN_OBJC_IMPLICIT_RETAIN_SELF = YES;
				CLANG_WARN_OBJC_LITERAL_CONVERSION = YES;
				CLANG_WARN_OBJC_ROOT_CLASS = YES_ERROR;
				CLANG_WARN_QUOTED_INCLUDE_IN_FRAMEWORK_HEADER = YES;
				CLANG_WARN_RANGE_LOOP_ANALYSIS = YES;
				CLANG_WARN_STRICT_PROTOTYPES = YES;
				CLANG_WARN_SUSPICIOUS_MOVE = YES;
				CLANG_WARN_UNGUARDED_AVAILABILITY = YES_AGGRESSIVE;
				CLANG_WARN_UNREACHABLE_CODE = YES;
				CLANG_WARN__DUPLICATE_METHOD_MATCH = YES;
				CODE_SIGN_ENTITLEMENTS = GlassController/GlassController.entitlements;
				CODE_SIGN_STYLE = Automatic;
				COMBINE_HIDPI_IMAGES = YES;
				COPY_PHASE_STRIP = NO;
				DEBUG_INFORMATION_FORMAT = "dwarf-with-dsym";
				DEVELOPMENT_ASSET_PATHS = "\"GlassController/Preview Content\"";
				DEVELOPMENT_TEAM = 9UDT7LSCEF;
				ENABLE_HARDENED_RUNTIME = YES;
				ENABLE_NS_ASSERTIONS = NO;
				ENABLE_PREVIEWS = YES;
				ENABLE_STRICT_OBJC_MSGSEND = YES;
				GCC_C_LANGUAGE_STANDARD = gnu11;
				GCC_NO_COMMON_BLOCKS = YES;
				GCC_WARN_64_TO_32_BIT_CONVERSION = YES;
				GCC_WARN_ABOUT_RETURN_TYPE = YES_ERROR;
				GCC_WARN_UNDECLARED_SELECTOR = YES;
				GCC_WARN_UNINITIALIZED_AUTOS = YES_AGGRESSIVE;
				GCC_WARN_UNUSED_FUNCTION = YES;
				GCC_WARN_UNUSED_VARIABLE = YES;
				INFOPLIST_FILE = GlassController/Info.plist;
				LD_RUNPATH_SEARCH_PATHS = "$(inherited) @executable_path/../Frameworks";
				MACOSX_DEPLOYMENT_TARGET = 11.0;
				MTL_ENABLE_DEBUG_INFO = NO;
				MTL_FAST_MATH = YES;
				PRODUCT_BUNDLE_IDENTIFIER = llc.newt.apps.glass;
				PRODUCT_NAME = "$(TARGET_NAME)";
				SDKROOT = macosx;
				SWIFT_OBJC_BRIDGING_HEADER = "glass/glass-Bridging-Header.h";
				SWIFT_OPTIMIZATION_LEVEL = "-Owholemodule";
				SWIFT_VERSION = 5.0;
				SYSTEM_FRAMEWORK_SEARCH_PATHS = "$(inherited) $(SYSTEM_LIBRARY_DIR)/PrivateFrameworks";
			};
			name = Release;
		};
/* End XCBuildConfiguration section */

/* Begin XCConfigurationList section */
		9C46F5892009B7C000F9E926 /* Build configuration list for PBXProject "GlassCon" */ = {
			isa = XCConfigurationList;
			buildConfigurations = (
				9C46F58A2009B7C000F9E926 /* Debug */,
				9C46F58B2009B7C000F9E926 /* Release */,
			);
			defaultConfigurationIsVisible = 0;
			defaultConfigurationName = Release;
		};
		F436FD7024DA4FBD00397F75 /* Build configuration list for PBXNativeTarget "GlassController" */ = {
			isa = XCConfigurationList;
			buildConfigurations = (
				F436FD6E24DA4FBD00397F75 /* Debug */,
				F436FD6F24DA4FBD00397F75 /* Release */,
			);
			defaultConfigurationIsVisible = 0;
			defaultConfigurationName = Release;
		};
/* End XCConfigurationList section */
	};
	rootObject = 9C46F5862009B7C000F9E926 /* Project object */;
}
